// !$*UTF8*$!
{
	archiveVersion = 1;
	classes = {
	};
	objectVersion = 46;
	objects = {

/* Begin PBXBuildFile section */
		9214AB701EB19F2C001AED5A /* AppDelegate.swift in Sources */ = {isa = PBXBuildFile; fileRef = 9214AB6F1EB19F2C001AED5A /* AppDelegate.swift */; };
		9214AB721EB19F2C001AED5A /* ViewController.swift in Sources */ = {isa = PBXBuildFile; fileRef = 9214AB711EB19F2C001AED5A /* ViewController.swift */; };
		9214AB771EB19F2C001AED5A /* Assets.xcassets in Resources */ = {isa = PBXBuildFile; fileRef = 9214AB761EB19F2C001AED5A /* Assets.xcassets */; };
		9214AB7A1EB19F2C001AED5A /* LaunchScreen.storyboard in Resources */ = {isa = PBXBuildFile; fileRef = 9214AB781EB19F2C001AED5A /* LaunchScreen.storyboard */; };
		9214AB851EB19F2C001AED5A /* Wait_But_Why_ReaderTests.swift in Sources */ = {isa = PBXBuildFile; fileRef = 9214AB841EB19F2C001AED5A /* Wait_But_Why_ReaderTests.swift */; };
		9214AB901EB19F2C001AED5A /* Wait_But_Why_ReaderUITests.swift in Sources */ = {isa = PBXBuildFile; fileRef = 9214AB8F1EB19F2C001AED5A /* Wait_But_Why_ReaderUITests.swift */; };
		928D4B511EB98BC4005D3C5C /* Main.storyboard in Resources */ = {isa = PBXBuildFile; fileRef = 928D4B4F1EB98BC4005D3C5C /* Main.storyboard */; };
		929341971EE913F700110C20 /* GoogleMobileAds.framework in Frameworks */ = {isa = PBXBuildFile; fileRef = 929341961EE913F700110C20 /* GoogleMobileAds.framework */; };
		929341991EE9159300110C20 /* GoogleService-Info.plist in Resources */ = {isa = PBXBuildFile; fileRef = 929341981EE9159300110C20 /* GoogleService-Info.plist */; };
		929378AB1EB2BECE004C30CF /* Pulsing.swift in Sources */ = {isa = PBXBuildFile; fileRef = 929378AA1EB2BECE004C30CF /* Pulsing.swift */; };
		929378AD1EB2CC5A004C30CF /* siri.wav in Resources */ = {isa = PBXBuildFile; fileRef = 929378AC1EB2CC5A004C30CF /* siri.wav */; };
/* End PBXBuildFile section */

/* Begin PBXContainerItemProxy section */
		9214AB811EB19F2C001AED5A /* PBXContainerItemProxy */ = {
			isa = PBXContainerItemProxy;
			containerPortal = 9214AB641EB19F2B001AED5A /* Project object */;
			proxyType = 1;
			remoteGlobalIDString = 9214AB6B1EB19F2B001AED5A;
			remoteInfo = "Wait But Why Reader";
		};
		9214AB8C1EB19F2C001AED5A /* PBXContainerItemProxy */ = {
			isa = PBXContainerItemProxy;
			containerPortal = 9214AB641EB19F2B001AED5A /* Project object */;
			proxyType = 1;
			remoteGlobalIDString = 9214AB6B1EB19F2B001AED5A;
			remoteInfo = "Wait But Why Reader";
		};
/* End PBXContainerItemProxy section */

/* Begin PBXFileReference section */
		9214AB6C1EB19F2B001AED5A /* Wait But Why Reader.app */ = {isa = PBXFileReference; explicitFileType = wrapper.application; includeInIndex = 0; path = "Wait But Why Reader.app"; sourceTree = BUILT_PRODUCTS_DIR; };
		9214AB6F1EB19F2C001AED5A /* AppDelegate.swift */ = {isa = PBXFileReference; lastKnownFileType = sourcecode.swift; path = AppDelegate.swift; sourceTree = "<group>"; };
		9214AB711EB19F2C001AED5A /* ViewController.swift */ = {isa = PBXFileReference; lastKnownFileType = sourcecode.swift; path = ViewController.swift; sourceTree = "<group>"; };
		9214AB761EB19F2C001AED5A /* Assets.xcassets */ = {isa = PBXFileReference; lastKnownFileType = folder.assetcatalog; path = Assets.xcassets; sourceTree = "<group>"; };
		9214AB791EB19F2C001AED5A /* Base */ = {isa = PBXFileReference; lastKnownFileType = file.storyboard; name = Base; path = Base.lproj/LaunchScreen.storyboard; sourceTree = "<group>"; };
		9214AB7B1EB19F2C001AED5A /* Info.plist */ = {isa = PBXFileReference; lastKnownFileType = text.plist.xml; path = Info.plist; sourceTree = "<group>"; };
		9214AB801EB19F2C001AED5A /* Wait But Why ReaderTests.xctest */ = {isa = PBXFileReference; explicitFileType = wrapper.cfbundle; includeInIndex = 0; path = "Wait But Why ReaderTests.xctest"; sourceTree = BUILT_PRODUCTS_DIR; };
		9214AB841EB19F2C001AED5A /* Wait_But_Why_ReaderTests.swift */ = {isa = PBXFileReference; lastKnownFileType = sourcecode.swift; path = Wait_But_Why_ReaderTests.swift; sourceTree = "<group>"; };
		9214AB861EB19F2C001AED5A /* Info.plist */ = {isa = PBXFileReference; lastKnownFileType = text.plist.xml; path = Info.plist; sourceTree = "<group>"; };
		9214AB8B1EB19F2C001AED5A /* Wait But Why ReaderUITests.xctest */ = {isa = PBXFileReference; explicitFileType = wrapper.cfbundle; includeInIndex = 0; path = "Wait But Why ReaderUITests.xctest"; sourceTree = BUILT_PRODUCTS_DIR; };
		9214AB8F1EB19F2C001AED5A /* Wait_But_Why_ReaderUITests.swift */ = {isa = PBXFileReference; lastKnownFileType = sourcecode.swift; path = Wait_But_Why_ReaderUITests.swift; sourceTree = "<group>"; };
		9214AB911EB19F2C001AED5A /* Info.plist */ = {isa = PBXFileReference; lastKnownFileType = text.plist.xml; path = Info.plist; sourceTree = "<group>"; };
		928D4B501EB98BC4005D3C5C /* Base */ = {isa = PBXFileReference; lastKnownFileType = file.storyboard; name = Base; path = Base.lproj/Main.storyboard; sourceTree = "<group>"; };
		929341961EE913F700110C20 /* GoogleMobileAds.framework */ = {isa = PBXFileReference; lastKnownFileType = wrapper.framework; path = GoogleMobileAds.framework; sourceTree = "<group>"; };
		929341981EE9159300110C20 /* GoogleService-Info.plist */ = {isa = PBXFileReference; fileEncoding = 4; lastKnownFileType = text.plist.xml; path = "GoogleService-Info.plist"; sourceTree = "<group>"; };
		929378AA1EB2BECE004C30CF /* Pulsing.swift */ = {isa = PBXFileReference; fileEncoding = 4; lastKnownFileType = sourcecode.swift; path = Pulsing.swift; sourceTree = "<group>"; };
		929378AC1EB2CC5A004C30CF /* siri.wav */ = {isa = PBXFileReference; lastKnownFileType = audio.wav; path = siri.wav; sourceTree = "<group>"; };
/* End PBXFileReference section */

/* Begin PBXFrameworksBuildPhase section */
		9214AB691EB19F2B001AED5A /* Frameworks */ = {
			isa = PBXFrameworksBuildPhase;
			buildActionMask = 2147483647;
			files = (
				929341971EE913F700110C20 /* GoogleMobileAds.framework in Frameworks */,
			);
			runOnlyForDeploymentPostprocessing = 0;
		};
		9214AB7D1EB19F2C001AED5A /* Frameworks */ = {
			isa = PBXFrameworksBuildPhase;
			buildActionMask = 2147483647;
			files = (
			);
			runOnlyForDeploymentPostprocessing = 0;
		};
		9214AB881EB19F2C001AED5A /* Frameworks */ = {
			isa = PBXFrameworksBuildPhase;
			buildActionMask = 2147483647;
			files = (
			);
			runOnlyForDeploymentPostprocessing = 0;
		};
/* End PBXFrameworksBuildPhase section */

/* Begin PBXGroup section */
		9214AB631EB19F2B001AED5A = {
			isa = PBXGroup;
			children = (
				9214AB6E1EB19F2B001AED5A /* Wait But Why Reader */,
				9214AB831EB19F2C001AED5A /* Wait But Why ReaderTests */,
				9214AB8E1EB19F2C001AED5A /* Wait But Why ReaderUITests */,
				9214AB6D1EB19F2B001AED5A /* Products */,
			);
			sourceTree = "<group>";
		};
		9214AB6D1EB19F2B001AED5A /* Products */ = {
			isa = PBXGroup;
			children = (
				9214AB6C1EB19F2B001AED5A /* Wait But Why Reader.app */,
				9214AB801EB19F2C001AED5A /* Wait But Why ReaderTests.xctest */,
				9214AB8B1EB19F2C001AED5A /* Wait But Why ReaderUITests.xctest */,
			);
			name = Products;
			sourceTree = "<group>";
		};
		9214AB6E1EB19F2B001AED5A /* Wait But Why Reader */ = {
			isa = PBXGroup;
			children = (
				9214AB6F1EB19F2C001AED5A /* AppDelegate.swift */,
				929341981EE9159300110C20 /* GoogleService-Info.plist */,
				929341961EE913F700110C20 /* GoogleMobileAds.framework */,
				9214AB711EB19F2C001AED5A /* ViewController.swift */,
				928D4B4F1EB98BC4005D3C5C /* Main.storyboard */,
				929378AC1EB2CC5A004C30CF /* siri.wav */,
				9214AB761EB19F2C001AED5A /* Assets.xcassets */,
				9214AB781EB19F2C001AED5A /* LaunchScreen.storyboard */,
				9214AB7B1EB19F2C001AED5A /* Info.plist */,
				929378AA1EB2BECE004C30CF /* Pulsing.swift */,
			);
			path = "Wait But Why Reader";
			sourceTree = "<group>";
		};
		9214AB831EB19F2C001AED5A /* Wait But Why ReaderTests */ = {
			isa = PBXGroup;
			children = (
				9214AB841EB19F2C001AED5A /* Wait_But_Why_ReaderTests.swift */,
				9214AB861EB19F2C001AED5A /* Info.plist */,
			);
			path = "Wait But Why ReaderTests";
			sourceTree = "<group>";
		};
		9214AB8E1EB19F2C001AED5A /* Wait But Why ReaderUITests */ = {
			isa = PBXGroup;
			children = (
				9214AB8F1EB19F2C001AED5A /* Wait_But_Why_ReaderUITests.swift */,
				9214AB911EB19F2C001AED5A /* Info.plist */,
			);
			path = "Wait But Why ReaderUITests";
			sourceTree = "<group>";
		};
/* End PBXGroup section */

/* Begin PBXNativeTarget section */
		9214AB6B1EB19F2B001AED5A /* Wait But Why Reader */ = {
			isa = PBXNativeTarget;
			buildConfigurationList = 9214AB941EB19F2C001AED5A /* Build configuration list for PBXNativeTarget "Wait But Why Reader" */;
			buildPhases = (
				9214AB681EB19F2B001AED5A /* Sources */,
				9214AB691EB19F2B001AED5A /* Frameworks */,
				9214AB6A1EB19F2B001AED5A /* Resources */,
			);
			buildRules = (
			);
			dependencies = (
			);
			name = "Wait But Why Reader";
			productName = "Wait But Why Reader";
			productReference = 9214AB6C1EB19F2B001AED5A /* Wait But Why Reader.app */;
			productType = "com.apple.product-type.application";
		};
		9214AB7F1EB19F2C001AED5A /* Wait But Why ReaderTests */ = {
			isa = PBXNativeTarget;
			buildConfigurationList = 9214AB971EB19F2C001AED5A /* Build configuration list for PBXNativeTarget "Wait But Why ReaderTests" */;
			buildPhases = (
				9214AB7C1EB19F2C001AED5A /* Sources */,
				9214AB7D1EB19F2C001AED5A /* Frameworks */,
				9214AB7E1EB19F2C001AED5A /* Resources */,
			);
			buildRules = (
			);
			dependencies = (
				9214AB821EB19F2C001AED5A /* PBXTargetDependency */,
			);
			name = "Wait But Why ReaderTests";
			productName = "Wait But Why ReaderTests";
			productReference = 9214AB801EB19F2C001AED5A /* Wait But Why ReaderTests.xctest */;
			productType = "com.apple.product-type.bundle.unit-test";
		};
		9214AB8A1EB19F2C001AED5A /* Wait But Why ReaderUITests */ = {
			isa = PBXNativeTarget;
			buildConfigurationList = 9214AB9A1EB19F2C001AED5A /* Build configuration list for PBXNativeTarget "Wait But Why ReaderUITests" */;
			buildPhases = (
				9214AB871EB19F2C001AED5A /* Sources */,
				9214AB881EB19F2C001AED5A /* Frameworks */,
				9214AB891EB19F2C001AED5A /* Resources */,
			);
			buildRules = (
			);
			dependencies = (
				9214AB8D1EB19F2C001AED5A /* PBXTargetDependency */,
			);
			name = "Wait But Why ReaderUITests";
			productName = "Wait But Why ReaderUITests";
			productReference = 9214AB8B1EB19F2C001AED5A /* Wait But Why ReaderUITests.xctest */;
			productType = "com.apple.product-type.bundle.ui-testing";
		};
/* End PBXNativeTarget section */

/* Begin PBXProject section */
		9214AB641EB19F2B001AED5A /* Project object */ = {
			isa = PBXProject;
			attributes = {
				LastSwiftUpdateCheck = 0820;
				LastUpgradeCheck = 0900;
				ORGANIZATIONNAME = "Colin Warn";
				TargetAttributes = {
					9214AB6B1EB19F2B001AED5A = {
						CreatedOnToolsVersion = 8.2.1;
						DevelopmentTeam = 93Q5482J7M;
						ProvisioningStyle = Automatic;
					};
					9214AB7F1EB19F2C001AED5A = {
						CreatedOnToolsVersion = 8.2.1;
						DevelopmentTeam = 93Q5482J7M;
						ProvisioningStyle = Automatic;
						TestTargetID = 9214AB6B1EB19F2B001AED5A;
					};
					9214AB8A1EB19F2C001AED5A = {
						CreatedOnToolsVersion = 8.2.1;
						DevelopmentTeam = 93Q5482J7M;
						ProvisioningStyle = Automatic;
						TestTargetID = 9214AB6B1EB19F2B001AED5A;
					};
				};
			};
			buildConfigurationList = 9214AB671EB19F2B001AED5A /* Build configuration list for PBXProject "Wait But Why Reader" */;
			compatibilityVersion = "Xcode 3.2";
			developmentRegion = English;
			hasScannedForEncodings = 0;
			knownRegions = (
				en,
				Base,
			);
			mainGroup = 9214AB631EB19F2B001AED5A;
			productRefGroup = 9214AB6D1EB19F2B001AED5A /* Products */;
			projectDirPath = "";
			projectRoot = "";
			targets = (
				9214AB6B1EB19F2B001AED5A /* Wait But Why Reader */,
				9214AB7F1EB19F2C001AED5A /* Wait But Why ReaderTests */,
				9214AB8A1EB19F2C001AED5A /* Wait But Why ReaderUITests */,
			);
		};
/* End PBXProject section */

/* Begin PBXResourcesBuildPhase section */
		9214AB6A1EB19F2B001AED5A /* Resources */ = {
			isa = PBXResourcesBuildPhase;
			buildActionMask = 2147483647;
			files = (
				9214AB7A1EB19F2C001AED5A /* LaunchScreen.storyboard in Resources */,
				9214AB771EB19F2C001AED5A /* Assets.xcassets in Resources */,
				929341991EE9159300110C20 /* GoogleService-Info.plist in Resources */,
				929378AD1EB2CC5A004C30CF /* siri.wav in Resources */,
				928D4B511EB98BC4005D3C5C /* Main.storyboard in Resources */,
			);
			runOnlyForDeploymentPostprocessing = 0;
		};
		9214AB7E1EB19F2C001AED5A /* Resources */ = {
			isa = PBXResourcesBuildPhase;
			buildActionMask = 2147483647;
			files = (
			);
			runOnlyForDeploymentPostprocessing = 0;
		};
		9214AB891EB19F2C001AED5A /* Resources */ = {
			isa = PBXResourcesBuildPhase;
			buildActionMask = 2147483647;
			files = (
			);
			runOnlyForDeploymentPostprocessing = 0;
		};
/* End PBXResourcesBuildPhase section */

/* Begin PBXSourcesBuildPhase section */
		9214AB681EB19F2B001AED5A /* Sources */ = {
			isa = PBXSourcesBuildPhase;
			buildActionMask = 2147483647;
			files = (
				9214AB721EB19F2C001AED5A /* ViewController.swift in Sources */,
				929378AB1EB2BECE004C30CF /* Pulsing.swift in Sources */,
				9214AB701EB19F2C001AED5A /* AppDelegate.swift in Sources */,
			);
			runOnlyForDeploymentPostprocessing = 0;
		};
		9214AB7C1EB19F2C001AED5A /* Sources */ = {
			isa = PBXSourcesBuildPhase;
			buildActionMask = 2147483647;
			files = (
				9214AB851EB19F2C001AED5A /* Wait_But_Why_ReaderTests.swift in Sources */,
			);
			runOnlyForDeploymentPostprocessing = 0;
		};
		9214AB871EB19F2C001AED5A /* Sources */ = {
			isa = PBXSourcesBuildPhase;
			buildActionMask = 2147483647;
			files = (
				9214AB901EB19F2C001AED5A /* Wait_But_Why_ReaderUITests.swift in Sources */,
			);
			runOnlyForDeploymentPostprocessing = 0;
		};
/* End PBXSourcesBuildPhase section */

/* Begin PBXTargetDependency section */
		9214AB821EB19F2C001AED5A /* PBXTargetDependency */ = {
			isa = PBXTargetDependency;
			target = 9214AB6B1EB19F2B001AED5A /* Wait But Why Reader */;
			targetProxy = 9214AB811EB19F2C001AED5A /* PBXContainerItemProxy */;
		};
		9214AB8D1EB19F2C001AED5A /* PBXTargetDependency */ = {
			isa = PBXTargetDependency;
			target = 9214AB6B1EB19F2B001AED5A /* Wait But Why Reader */;
			targetProxy = 9214AB8C1EB19F2C001AED5A /* PBXContainerItemProxy */;
		};
/* End PBXTargetDependency section */

/* Begin PBXVariantGroup section */
		9214AB781EB19F2C001AED5A /* LaunchScreen.storyboard */ = {
			isa = PBXVariantGroup;
			children = (
				9214AB791EB19F2C001AED5A /* Base */,
			);
			name = LaunchScreen.storyboard;
			sourceTree = "<group>";
		};
		928D4B4F1EB98BC4005D3C5C /* Main.storyboard */ = {
			isa = PBXVariantGroup;
			children = (
				928D4B501EB98BC4005D3C5C /* Base */,
			);
			name = Main.storyboard;
			sourceTree = "<group>";
		};
/* End PBXVariantGroup section */

/* Begin XCBuildConfiguration section */
		9214AB921EB19F2C001AED5A /* Debug */ = {
			isa = XCBuildConfiguration;
			buildSettings = {
				ALWAYS_SEARCH_USER_PATHS = NO;
				CLANG_ANALYZER_NONNULL = YES;
				CLANG_CXX_LANGUAGE_STANDARD = "gnu++0x";
				CLANG_CXX_LIBRARY = "libc++";
				CLANG_ENABLE_MODULES = YES;
				CLANG_ENABLE_OBJC_ARC = YES;
				CLANG_WARN_BLOCK_CAPTURE_AUTORELEASING = YES;
				CLANG_WARN_BOOL_CONVERSION = YES;
				CLANG_WARN_COMMA = YES;
				CLANG_WARN_CONSTANT_CONVERSION = YES;
				CLANG_WARN_DIRECT_OBJC_ISA_USAGE = YES_ERROR;
				CLANG_WARN_DOCUMENTATION_COMMENTS = YES;
				CLANG_WARN_EMPTY_BODY = YES;
				CLANG_WARN_ENUM_CONVERSION = YES;
				CLANG_WARN_INFINITE_RECURSION = YES;
				CLANG_WARN_INT_CONVERSION = YES;
				CLANG_WARN_NON_LITERAL_NULL_CONVERSION = YES;
				CLANG_WARN_OBJC_LITERAL_CONVERSION = YES;
				CLANG_WARN_OBJC_ROOT_CLASS = YES_ERROR;
				CLANG_WARN_RANGE_LOOP_ANALYSIS = YES;
				CLANG_WARN_STRICT_PROTOTYPES = YES;
				CLANG_WARN_SUSPICIOUS_MOVE = YES;
				CLANG_WARN_UNREACHABLE_CODE = YES;
				CLANG_WARN__DUPLICATE_METHOD_MATCH = YES;
				"CODE_SIGN_IDENTITY[sdk=iphoneos*]" = "iPhone Developer";
				COPY_PHASE_STRIP = NO;
				DEBUG_INFORMATION_FORMAT = dwarf;
				ENABLE_BITCODE = YES;
				ENABLE_STRICT_OBJC_MSGSEND = YES;
				ENABLE_TESTABILITY = YES;
				GCC_C_LANGUAGE_STANDARD = gnu99;
				GCC_DYNAMIC_NO_PIC = NO;
				GCC_NO_COMMON_BLOCKS = YES;
				GCC_OPTIMIZATION_LEVEL = 0;
				GCC_PREPROCESSOR_DEFINITIONS = (
					"DEBUG=1",
					"$(inherited)",
				);
				GCC_WARN_64_TO_32_BIT_CONVERSION = YES;
				GCC_WARN_ABOUT_RETURN_TYPE = YES_ERROR;
				GCC_WARN_UNDECLARED_SELECTOR = YES;
				GCC_WARN_UNINITIALIZED_AUTOS = YES_AGGRESSIVE;
				GCC_WARN_UNUSED_FUNCTION = YES;
				GCC_WARN_UNUSED_VARIABLE = YES;
				IPHONEOS_DEPLOYMENT_TARGET = 10.2;
				MTL_ENABLE_DEBUG_INFO = YES;
				ONLY_ACTIVE_ARCH = YES;
				SDKROOT = iphoneos;
				SWIFT_ACTIVE_COMPILATION_CONDITIONS = DEBUG;
				SWIFT_OPTIMIZATION_LEVEL = "-Onone";
			};
			name = Debug;
		};
		9214AB931EB19F2C001AED5A /* Release */ = {
			isa = XCBuildConfiguration;
			buildSettings = {
				ALWAYS_SEARCH_USER_PATHS = NO;
				CLANG_ANALYZER_NONNULL = YES;
				CLANG_CXX_LANGUAGE_STANDARD = "gnu++0x";
				CLANG_CXX_LIBRARY = "libc++";
				CLANG_ENABLE_MODULES = YES;
				CLANG_ENABLE_OBJC_ARC = YES;
				CLANG_WARN_BLOCK_CAPTURE_AUTORELEASING = YES;
				CLANG_WARN_BOOL_CONVERSION = YES;
				CLANG_WARN_COMMA = YES;
				CLANG_WARN_CONSTANT_CONVERSION = YES;
				CLANG_WARN_DIRECT_OBJC_ISA_USAGE = YES_ERROR;
				CLANG_WARN_DOCUMENTATION_COMMENTS = YES;
				CLANG_WARN_EMPTY_BODY = YES;
				CLANG_WARN_ENUM_CONVERSION = YES;
				CLANG_WARN_INFINITE_RECURSION = YES;
				CLANG_WARN_INT_CONVERSION = YES;
				CLANG_WARN_NON_LITERAL_NULL_CONVERSION = YES;
				CLANG_WARN_OBJC_LITERAL_CONVERSION = YES;
				CLANG_WARN_OBJC_ROOT_CLASS = YES_ERROR;
				CLANG_WARN_RANGE_LOOP_ANALYSIS = YES;
				CLANG_WARN_STRICT_PROTOTYPES = YES;
				CLANG_WARN_SUSPICIOUS_MOVE = YES;
				CLANG_WARN_UNREACHABLE_CODE = YES;
				CLANG_WARN__DUPLICATE_METHOD_MATCH = YES;
				"CODE_SIGN_IDENTITY[sdk=iphoneos*]" = "iPhone Developer";
				COPY_PHASE_STRIP = NO;
				DEBUG_INFORMATION_FORMAT = "dwarf-with-dsym";
				ENABLE_BITCODE = YES;
				ENABLE_NS_ASSERTIONS = NO;
				ENABLE_STRICT_OBJC_MSGSEND = YES;
				GCC_C_LANGUAGE_STANDARD = gnu99;
				GCC_NO_COMMON_BLOCKS = YES;
				GCC_WARN_64_TO_32_BIT_CONVERSION = YES;
				GCC_WARN_ABOUT_RETURN_TYPE = YES_ERROR;
				GCC_WARN_UNDECLARED_SELECTOR = YES;
				GCC_WARN_UNINITIALIZED_AUTOS = YES_AGGRESSIVE;
				GCC_WARN_UNUSED_FUNCTION = YES;
				GCC_WARN_UNUSED_VARIABLE = YES;
				IPHONEOS_DEPLOYMENT_TARGET = 10.2;
				MTL_ENABLE_DEBUG_INFO = NO;
				SDKROOT = iphoneos;
				SWIFT_OPTIMIZATION_LEVEL = "-Owholemodule";
				VALIDATE_PRODUCT = YES;
			};
			name = Release;
		};
		9214AB951EB19F2C001AED5A /* Debug */ = {
			isa = XCBuildConfiguration;
			buildSettings = {
				ASSETCATALOG_COMPILER_APPICON_NAME = AppIcon;
				DEVELOPMENT_TEAM = 93Q5482J7M;
				FRAMEWORK_SEARCH_PATHS = (
					"$(inherited)",
					"$(PROJECT_DIR)/Wait\\ But\\ Why\\ Reader",
				);
				INFOPLIST_FILE = "/Users/colinwarn/Desktop/Projects/Wait But Why Reader/Wait But Why Reader/Info.plist";
				LD_RUNPATH_SEARCH_PATHS = "$(inherited) @executable_path/Frameworks";
				PRODUCT_BUNDLE_IDENTIFIER = com.colinwarn.SiriSays;
				PRODUCT_NAME = "$(TARGET_NAME)";
				SWIFT_VERSION = 3.0;
			};
			name = Debug;
		};
		9214AB961EB19F2C001AED5A /* Release */ = {
			isa = XCBuildConfiguration;
			buildSettings = {
				ASSETCATALOG_COMPILER_APPICON_NAME = AppIcon;
				DEVELOPMENT_TEAM = 93Q5482J7M;
				FRAMEWORK_SEARCH_PATHS = (
					"$(inherited)",
					"$(PROJECT_DIR)/Wait\\ But\\ Why\\ Reader",
				);
				INFOPLIST_FILE = "/Users/colinwarn/Desktop/Projects/Wait But Why Reader/Wait But Why Reader/Info.plist";
				LD_RUNPATH_SEARCH_PATHS = "$(inherited) @executable_path/Frameworks";
				PRODUCT_BUNDLE_IDENTIFIER = com.colinwarn.SiriSays;
				PRODUCT_NAME = "$(TARGET_NAME)";
				SWIFT_VERSION = 3.0;
			};
			name = Release;
		};
		9214AB981EB19F2C001AED5A /* Debug */ = {
			isa = XCBuildConfiguration;
			buildSettings = {
				ALWAYS_EMBED_SWIFT_STANDARD_LIBRARIES = YES;
				BUNDLE_LOADER = "$(TEST_HOST)";
				DEVELOPMENT_TEAM = 93Q5482J7M;
				INFOPLIST_FILE = "Wait But Why ReaderTests/Info.plist";
				LD_RUNPATH_SEARCH_PATHS = "$(inherited) @executable_path/Frameworks @loader_path/Frameworks";
				PRODUCT_BUNDLE_IDENTIFIER = "com.colinwarn.Wait-But-Why-ReaderTests";
				PRODUCT_NAME = "$(TARGET_NAME)";
				SWIFT_VERSION = 3.0;
				TEST_HOST = "$(BUILT_PRODUCTS_DIR)/Wait But Why Reader.app/Wait But Why Reader";
			};
			name = Debug;
		};
		9214AB991EB19F2C001AED5A /* Release */ = {
			isa = XCBuildConfiguration;
			buildSettings = {
				ALWAYS_EMBED_SWIFT_STANDARD_LIBRARIES = YES;
				BUNDLE_LOADER = "$(TEST_HOST)";
				DEVELOPMENT_TEAM = 93Q5482J7M;
				INFOPLIST_FILE = "Wait But Why ReaderTests/Info.plist";
				LD_RUNPATH_SEARCH_PATHS = "$(inherited) @executable_path/Frameworks @loader_path/Frameworks";
				PRODUCT_BUNDLE_IDENTIFIER = "com.colinwarn.Wait-But-Why-ReaderTests";
				PRODUCT_NAME = "$(TARGET_NAME)";
				SWIFT_VERSION = 3.0;
				TEST_HOST = "$(BUILT_PRODUCTS_DIR)/Wait But Why Reader.app/Wait But Why Reader";
			};
			name = Release;
		};
		9214AB9B1EB19F2C001AED5A /* Debug */ = {
			isa = XCBuildConfiguration;
			buildSettings = {
				ALWAYS_EMBED_SWIFT_STANDARD_LIBRARIES = YES;
				DEVELOPMENT_TEAM = 93Q5482J7M;
				INFOPLIST_FILE = "Wait But Why ReaderUITests/Info.plist";
				LD_RUNPATH_SEARCH_PATHS = "$(inherited) @executable_path/Frameworks @loader_path/Frameworks";
				PRODUCT_BUNDLE_IDENTIFIER = "com.colinwarn.Wait-But-Why-ReaderUITests";
				PRODUCT_NAME = "$(TARGET_NAME)";
				SWIFT_VERSION = 3.0;
				TEST_TARGET_NAME = "Wait But Why Reader";
			};
			name = Debug;
		};
		9214AB9C1EB19F2C001AED5A /* Release */ = {
			isa = XCBuildConfiguration;
			buildSettings = {
				ALWAYS_EMBED_SWIFT_STANDARD_LIBRARIES = YES;
				DEVELOPMENT_TEAM = 93Q5482J7M;
				INFOPLIST_FILE = "Wait But Why ReaderUITests/Info.plist";
				LD_RUNPATH_SEARCH_PATHS = "$(inherited) @executable_path/Frameworks @loader_path/Frameworks";
				PRODUCT_BUNDLE_IDENTIFIER = "com.colinwarn.Wait-But-Why-ReaderUITests";
				PRODUCT_NAME = "$(TARGET_NAME)";
				SWIFT_VERSION = 3.0;
				TEST_TARGET_NAME = "Wait But Why Reader";
			};
			name = Release;
		};
/* End XCBuildConfiguration section */

/* Begin XCConfigurationList section */
		9214AB671EB19F2B001AED5A /* Build configuration list for PBXProject "Wait But Why Reader" */ = {
			isa = XCConfigurationList;
			buildConfigurations = (
				9214AB921EB19F2C001AED5A /* Debug */,
				9214AB931EB19F2C001AED5A /* Release */,
			);
			defaultConfigurationIsVisible = 0;
			defaultConfigurationName = Release;
		};
		9214AB941EB19F2C001AED5A /* Build configuration list for PBXNativeTarget "Wait But Why Reader" */ = {
			isa = XCConfigurationList;
			buildConfigurations = (
				9214AB951EB19F2C001AED5A /* Debug */,
				9214AB961EB19F2C001AED5A /* Release */,
			);
			defaultConfigurationIsVisible = 0;
			defaultConfigurationName = Release;
		};
		9214AB971EB19F2C001AED5A /* Build configuration list for PBXNativeTarget "Wait But Why ReaderTests" */ = {
			isa = XCConfigurationList;
			buildConfigurations = (
				9214AB981EB19F2C001AED5A /* Debug */,
				9214AB991EB19F2C001AED5A /* Release */,
			);
			defaultConfigurationIsVisible = 0;
			defaultConfigurationName = Release;
		};
		9214AB9A1EB19F2C001AED5A /* Build configuration list for PBXNativeTarget "Wait But Why ReaderUITests" */ = {
			isa = XCConfigurationList;
			buildConfigurations = (
				9214AB9B1EB19F2C001AED5A /* Debug */,
				9214AB9C1EB19F2C001AED5A /* Release */,
			);
			defaultConfigurationIsVisible = 0;
			defaultConfigurationName = Release;
		};
/* End XCConfigurationList section */
	};
	rootObject = 9214AB641EB19F2B001AED5A /* Project object */;
}
